
Microsoft Visual Studio Solution File, Format Version 12.00
# Visual Studio Version 17
VisualStudioVersion = 17.9.34723.18
MinimumVisualStudioVersion = 10.0.40219.1
Project("{9A19103F-16F7-4668-BE54-9A1E7A4F7556}") = "NutritionTracker.Api", "DailyNutritionCaloriesTracker.Server\NutritionTracker.Api.csproj", "{22655E00-9297-4938-B2DB-B3331195460D}"
EndProject
Project("{54A90642-561A-4BB1-A94E-469ADEE60C69}") = "NutritionTracker.Web", "dailynutritioncaloriestracker.client\NutritionTracker.Web.esproj", "{E52A59BF-98E8-4C82-A785-0B26911CBF83}"
EndProject
Project("{9A19103F-16F7-4668-BE54-9A1E7A4F7556}") = "NT.Ef.Database", "DNCT.Database\NT.Ef.Database.csproj", "{CD44DE41-9110-4007-99A9-5E6D5617A8CD}"
EndProject
Project("{9A19103F-16F7-4668-BE54-9A1E7A4F7556}") = "NT.Ef.Repositories", "NT.Repositories\NT.Ef.Repositories.csproj", "{A86427C5-1BBA-4566-A08F-8759C10CC3D8}"
EndProject
Project("{9A19103F-16F7-4668-BE54-9A1E7A4F7556}") = "NT.Application", "NT.Application\NT.Application.csproj", "{73B962AC-1790-4773-B631-BDB81DABB324}"
EndProject
Project("{9A19103F-16F7-4668-BE54-9A1E7A4F7556}") = "NT.Application.Contracts", "NT.Application.Contracts\NT.Application.Contracts.csproj", "{A56717A2-332F-4D43-9917-C77C0BDF847A}"
EndProject
Project("{FAE04EC0-301F-11D3-BF4B-00C04F79EFBC}") = "NutritionTracker.Api.Tests", "Tests\NutritionTracker.Api.Tests\NutritionTracker.Api.Tests.csproj", "{B237D057-96B4-4EE4-8995-7104CD1F36F9}"
EndProject
Project("{2150E333-8FDC-42A3-9474-1A3956D46DE8}") = "NutritionTracker.Application", "NutritionTracker.Application", "{6DD5DAD1-C106-4CBF-B57B-9C9A8766D733}"
EndProject
Project("{2150E333-8FDC-42A3-9474-1A3956D46DE8}") = "NutritionTracker.Adapter", "NutritionTracker.Adapter", "{A1ACDD03-1642-4A3A-9C67-3EA687CD36C9}"
EndProject
Project("{2150E333-8FDC-42A3-9474-1A3956D46DE8}") = "NutritionTracker.Presentation", "NutritionTracker.Presentation", "{BE90A926-9340-474F-BC08-552D9DBB11AB}"
EndProject
Project("{2150E333-8FDC-42A3-9474-1A3956D46DE8}") = "NutritionTracker.Tests", "NutritionTracker.Tests", "{53E90AB8-AE4D-45CD-9781-073CC5EFF81B}"
EndProject
Global
	GlobalSection(SolutionConfigurationPlatforms) = preSolution
		Debug|Any CPU = Debug|Any CPU
		Release|Any CPU = Release|Any CPU
	EndGlobalSection
	GlobalSection(ProjectConfigurationPlatforms) = postSolution
		{22655E00-9297-4938-B2DB-B3331195460D}.Debug|Any CPU.ActiveCfg = Debug|Any CPU
		{22655E00-9297-4938-B2DB-B3331195460D}.Debug|Any CPU.Build.0 = Debug|Any CPU
		{22655E00-9297-4938-B2DB-B3331195460D}.Release|Any CPU.ActiveCfg = Release|Any CPU
		{22655E00-9297-4938-B2DB-B3331195460D}.Release|Any CPU.Build.0 = Release|Any CPU
		{E52A59BF-98E8-4C82-A785-0B26911CBF83}.Debug|Any CPU.ActiveCfg = Debug|Any CPU
		{E52A59BF-98E8-4C82-A785-0B26911CBF83}.Debug|Any CPU.Build.0 = Debug|Any CPU
		{E52A59BF-98E8-4C82-A785-0B26911CBF83}.Debug|Any CPU.Deploy.0 = Debug|Any CPU
		{E52A59BF-98E8-4C82-A785-0B26911CBF83}.Release|Any CPU.ActiveCfg = Release|Any CPU
		{E52A59BF-98E8-4C82-A785-0B26911CBF83}.Release|Any CPU.Build.0 = Release|Any CPU
		{E52A59BF-98E8-4C82-A785-0B26911CBF83}.Release|Any CPU.Deploy.0 = Release|Any CPU
		{CD44DE41-9110-4007-99A9-5E6D5617A8CD}.Debug|Any CPU.ActiveCfg = Debug|Any CPU
		{CD44DE41-9110-4007-99A9-5E6D5617A8CD}.Debug|Any CPU.Build.0 = Debug|Any CPU
		{CD44DE41-9110-4007-99A9-5E6D5617A8CD}.Release|Any CPU.ActiveCfg = Release|Any CPU
		{CD44DE41-9110-4007-99A9-5E6D5617A8CD}.Release|Any CPU.Build.0 = Release|Any CPU
		{A86427C5-1BBA-4566-A08F-8759C10CC3D8}.Debug|Any CPU.ActiveCfg = Debug|Any CPU
		{A86427C5-1BBA-4566-A08F-8759C10CC3D8}.Debug|Any CPU.Build.0 = Debug|Any CPU
		{A86427C5-1BBA-4566-A08F-8759C10CC3D8}.Release|Any CPU.ActiveCfg = Release|Any CPU
		{A86427C5-1BBA-4566-A08F-8759C10CC3D8}.Release|Any CPU.Build.0 = Release|Any CPU
		{73B962AC-1790-4773-B631-BDB81DABB324}.Debug|Any CPU.ActiveCfg = Debug|Any CPU
		{73B962AC-1790-4773-B631-BDB81DABB324}.Debug|Any CPU.Build.0 = Debug|Any CPU
		{73B962AC-1790-4773-B631-BDB81DABB324}.Release|Any CPU.ActiveCfg = Release|Any CPU
		{73B962AC-1790-4773-B631-BDB81DABB324}.Release|Any CPU.Build.0 = Release|Any CPU
		{A56717A2-332F-4D43-9917-C77C0BDF847A}.Debug|Any CPU.ActiveCfg = Debug|Any CPU
		{A56717A2-332F-4D43-9917-C77C0BDF847A}.Debug|Any CPU.Build.0 = Debug|Any CPU
		{A56717A2-332F-4D43-9917-C77C0BDF847A}.Release|Any CPU.ActiveCfg = Release|Any CPU
		{A56717A2-332F-4D43-9917-C77C0BDF847A}.Release|Any CPU.Build.0 = Release|Any CPU
		{B237D057-96B4-4EE4-8995-7104CD1F36F9}.Debug|Any CPU.ActiveCfg = Debug|Any CPU
		{B237D057-96B4-4EE4-8995-7104CD1F36F9}.Debug|Any CPU.Build.0 = Debug|Any CPU
		{B237D057-96B4-4EE4-8995-7104CD1F36F9}.Release|Any CPU.ActiveCfg = Release|Any CPU
		{B237D057-96B4-4EE4-8995-7104CD1F36F9}.Release|Any CPU.Build.0 = Release|Any CPU
	EndGlobalSection
	GlobalSection(SolutionProperties) = preSolution
		HideSolutionNode = FALSE
	EndGlobalSection
	GlobalSection(NestedProjects) = preSolution
		{22655E00-9297-4938-B2DB-B3331195460D} = {BE90A926-9340-474F-BC08-552D9DBB11AB}
		{E52A59BF-98E8-4C82-A785-0B26911CBF83} = {BE90A926-9340-474F-BC08-552D9DBB11AB}
		{CD44DE41-9110-4007-99A9-5E6D5617A8CD} = {A1ACDD03-1642-4A3A-9C67-3EA687CD36C9}
		{A86427C5-1BBA-4566-A08F-8759C10CC3D8} = {A1ACDD03-1642-4A3A-9C67-3EA687CD36C9}
		{73B962AC-1790-4773-B631-BDB81DABB324} = {6DD5DAD1-C106-4CBF-B57B-9C9A8766D733}
		{A56717A2-332F-4D43-9917-C77C0BDF847A} = {6DD5DAD1-C106-4CBF-B57B-9C9A8766D733}
		{B237D057-96B4-4EE4-8995-7104CD1F36F9} = {53E90AB8-AE4D-45CD-9781-073CC5EFF81B}
	EndGlobalSection
	GlobalSection(ExtensibilityGlobals) = postSolution
		SolutionGuid = {C5D899DC-A938-4A39-8AB7-A3588C6735FB}
	EndGlobalSection
EndGlobal
